NeoBundleLock gist-vim 9a2c5b6927ca9a6827b60307fe9bcc52a616fc24
NeoBundleLock gitv 9a2c5b6927ca9a6827b60307fe9bcc52a616fc24
NeoBundleLock gundo.vim 9a2c5b6927ca9a6827b60307fe9bcc52a616fc24
NeoBundleLock indentLine 86b9824b89cf52d4b748ea2a27885607c98c881a
NeoBundleLock jedi-vim 9a2c5b6927ca9a6827b60307fe9bcc52a616fc24
NeoBundleLock lightline-railscasts.vim 5e270caf4f1fe138817ae60ba3c862bcdb4913a6
NeoBundleLock lightline.vim 9e8d9f68dfe9b19eba343f796ffd16933a4dc77d
NeoBundleLock neobundle.vim 484c7730cace41d46616e840ba6247886a87c9aa
NeoBundleLock open-browser.vim 7401abae649219708cc09a50e4f8967c5a11083c
NeoBundleLock previm 39e88eeddf4395de32155b53090a0d598b855080
NeoBundleLock railscasts.vim 826f2c122703cf8ccd974c3f00ff399ff4e1ab83
NeoBundleLock syntastic 9a2c5b6927ca9a6827b60307fe9bcc52a616fc24
NeoBundleLock tagbar c6b473f5593a1cb9e567bb1a9a897f196f1f720a
NeoBundleLock vim-compiler-go 204e5666a3d948eb436bab5d309b4bb6d70ff492
NeoBundleLock vim-dg 3140c54b13503fd8a64236d108fdc368b27fbd19
NeoBundleLock vim-django-support 9a2c5b6927ca9a6827b60307fe9bcc52a616fc24
NeoBundleLock vim-fugitive 9a2c5b6927ca9a6827b60307fe9bcc52a616fc24
NeoBundleLock vim-go e62a45778582826888eca621f53f6125eaca1112
NeoBundleLock vim-go-extra ea337f089bf1e80ff41837ebbad3ef123ba8dde9
NeoBundleLock vim-godef 48952546203ecae8c17d50d0aa2e6dcabcc85f0b
NeoBundleLock vim-indent-guides 9a2c5b6927ca9a6827b60307fe9bcc52a616fc24
NeoBundleLock vim-markdown d12befde9cfc3d83c04c484107f2d0ac5dc40e45
NeoBundleLock vim-quickrun 9a2c5b6927ca9a6827b60307fe9bcc52a616fc24
NeoBundleLock vim-racket f1c18825f1b86f1ace16c16ad36fd46b1532dac4
NeoBundleLock vim-swift 1dbed3e3909ac1e5be7f45b7776e97bcf723e7e3
NeoBundleLock vim-virtualenv 9a2c5b6927ca9a6827b60307fe9bcc52a616fc24
NeoBundleLock vimproc 9a2c5b6927ca9a6827b60307fe9bcc52a616fc24
NeoBundleLock webapi-vim 9a2c5b6927ca9a6827b60307fe9bcc52a616fc24
